
Microsoft Visual Studio Solution File, Format Version 11.00
# Visual Studio 2010
Project("{FAE04EC0-301F-11D3-BF4B-00C04F79EFBC}") = "ProtectMyBubble", "Assembly-CSharp.csproj", "{07657311-F6C3-4419-476B-26FA4846511F}"
EndProject
Project("{FAE04EC0-301F-11D3-BF4B-00C04F79EFBC}") = "ProtectMyBubble", "Assembly-CSharp-Editor.csproj", "{75902505-402D-54DB-E48C-0A16754F6686}"
EndProject
Global
	GlobalSection(SolutionConfigurationPlatforms) = preSolution
		Debug|Any CPU = Debug|Any CPU
		Release|Any CPU = Release|Any CPU
	EndGlobalSection
	GlobalSection(ProjectConfigurationPlatforms) = postSolution
		{07657311-F6C3-4419-476B-26FA4846511F}.Debug|Any CPU.ActiveCfg = Debug|Any CPU
		{07657311-F6C3-4419-476B-26FA4846511F}.Debug|Any CPU.Build.0 = Debug|Any CPU
		{07657311-F6C3-4419-476B-26FA4846511F}.Release|Any CPU.ActiveCfg = Release|Any CPU
		{07657311-F6C3-4419-476B-26FA4846511F}.Release|Any CPU.Build.0 = Release|Any CPU
		{75902505-402D-54DB-E48C-0A16754F6686}.Debug|Any CPU.ActiveCfg = Debug|Any CPU
		{75902505-402D-54DB-E48C-0A16754F6686}.Debug|Any CPU.Build.0 = Debug|Any CPU
		{75902505-402D-54DB-E48C-0A16754F6686}.Release|Any CPU.ActiveCfg = Release|Any CPU
		{75902505-402D-54DB-E48C-0A16754F6686}.Release|Any CPU.Build.0 = Release|Any CPU
	EndGlobalSection
	GlobalSection(SolutionProperties) = preSolution
		HideSolutionNode = FALSE
	EndGlobalSection
	GlobalSection(MonoDevelopProperties) = preSolution
		StartupItem = Assembly-CSharp.csproj
	EndGlobalSection
EndGlobal
